
Microsoft Visual Studio Solution File, Format Version 12.00
# Visual Studio Version 17
VisualStudioVersion = 17.3.32811.315
MinimumVisualStudioVersion = 10.0.40219.1
Project("{FAE04EC0-301F-11D3-BF4B-00C04F79EFBC}") = "utilización_de_componentes", "utilización_de_componentes.csproj", "{1E7CE19E-40EF-4BD7-AA87-927C542B6611}"
EndProject
Global
	GlobalSection(SolutionConfigurationPlatforms) = preSolution
		Debug|Any CPU = Debug|Any CPU
		Release|Any CPU = Release|Any CPU
	EndGlobalSection
	GlobalSection(ProjectConfigurationPlatforms) = postSolution
		{1E7CE19E-40EF-4BD7-AA87-927C542B6611}.Debug|Any CPU.ActiveCfg = Debug|Any CPU
		{1E7CE19E-40EF-4BD7-AA87-927C542B6611}.Debug|Any CPU.Build.0 = Debug|Any CPU
		{1E7CE19E-40EF-4BD7-AA87-927C542B6611}.Release|Any CPU.ActiveCfg = Release|Any CPU
		{1E7CE19E-40EF-4BD7-AA87-927C542B6611}.Release|Any CPU.Build.0 = Release|Any CPU
	EndGlobalSection
	GlobalSection(SolutionProperties) = preSolution
		HideSolutionNode = FALSE
	EndGlobalSection
	GlobalSection(ExtensibilityGlobals) = postSolution
		SolutionGuid = {20B92B5B-348C-46D0-91E1-EACA93159EEE}
	EndGlobalSection
EndGlobal
